
Microsoft Visual Studio Solution File, Format Version 12.00
# Visual Studio Version 17
VisualStudioVersion = 17.11.35327.3
MinimumVisualStudioVersion = 10.0.40219.1
Project("{888888A0-9F3D-457C-B088-3A5042F75D52}") = "PSSG Editor Python", "PSSG Editor Python.pyproj", "{004BC4EC-7E1C-4FC5-8728-EFBB6E45D4A8}"
EndProject
Global
	GlobalSection(SolutionConfigurationPlatforms) = preSolution
		Debug|Any CPU = Debug|Any CPU
		Release|Any CPU = Release|Any CPU
	EndGlobalSection
	GlobalSection(ProjectConfigurationPlatforms) = postSolution
		{004BC4EC-7E1C-4FC5-8728-EFBB6E45D4A8}.Debug|Any CPU.ActiveCfg = Debug|Any CPU
		{004BC4EC-7E1C-4FC5-8728-EFBB6E45D4A8}.Release|Any CPU.ActiveCfg = Release|Any CPU
	EndGlobalSection
	GlobalSection(SolutionProperties) = preSolution
		HideSolutionNode = FALSE
	EndGlobalSection
	GlobalSection(ExtensibilityGlobals) = postSolution
		SolutionGuid = {3209BF55-A9C4-4931-8F2D-32D839DF8D93}
	EndGlobalSection
EndGlobal
